
Microsoft Visual Studio Solution File, Format Version 12.00
# Visual Studio Version 17
VisualStudioVersion = 17.8.34309.116
MinimumVisualStudioVersion = 10.0.40219.1
Project("{FAE04EC0-301F-11D3-BF4B-00C04F79EFBC}") = "Test020124", "Test020124\Test020124.csproj", "{E06915EC-0B3C-4A4A-B0C8-DAB39EF5C572}"
EndProject
Global
	GlobalSection(SolutionConfigurationPlatforms) = preSolution
		Debug|Any CPU = Debug|Any CPU
		Release|Any CPU = Release|Any CPU
	EndGlobalSection
	GlobalSection(ProjectConfigurationPlatforms) = postSolution
		{E06915EC-0B3C-4A4A-B0C8-DAB39EF5C572}.Debug|Any CPU.ActiveCfg = Debug|Any CPU
		{E06915EC-0B3C-4A4A-B0C8-DAB39EF5C572}.Debug|Any CPU.Build.0 = Debug|Any CPU
		{E06915EC-0B3C-4A4A-B0C8-DAB39EF5C572}.Release|Any CPU.ActiveCfg = Release|Any CPU
		{E06915EC-0B3C-4A4A-B0C8-DAB39EF5C572}.Release|Any CPU.Build.0 = Release|Any CPU
	EndGlobalSection
	GlobalSection(SolutionProperties) = preSolution
		HideSolutionNode = FALSE
	EndGlobalSection
	GlobalSection(ExtensibilityGlobals) = postSolution
		SolutionGuid = {7ECAA0BF-2AA3-4E81-8299-5ACFE0305A34}
	EndGlobalSection
EndGlobal
